
Microsoft Visual Studio Solution File, Format Version 12.00
# Visual Studio Version 17
VisualStudioVersion = 17.11.35327.3
MinimumVisualStudioVersion = 10.0.40219.1
Project("{FAE04EC0-301F-11D3-BF4B-00C04F79EFBC}") = "EstateManagementUI", "EstateManagementUI\EstateManagementUI.csproj", "{EE8ABB12-80FD-455B-AFFB-057E935E77C9}"
EndProject
Project("{FAE04EC0-301F-11D3-BF4B-00C04F79EFBC}") = "EstateDataAccess", "..\EstateManagement\EstateDataAccess\EstateDataAccess.csproj", "{5D15586F-DB70-4CC5-AF7B-BE94B8C6B495}"
EndProject
Project("{FAE04EC0-301F-11D3-BF4B-00C04F79EFBC}") = "EstateModels", "..\EstateManagement\EstateModels\EstateModels.csproj", "{75701E6E-A1E5-4576-84FE-8D2AA0BD2D98}"
EndProject
Global
	GlobalSection(SolutionConfigurationPlatforms) = preSolution
		Debug|Any CPU = Debug|Any CPU
		Release|Any CPU = Release|Any CPU
	EndGlobalSection
	GlobalSection(ProjectConfigurationPlatforms) = postSolution
		{EE8ABB12-80FD-455B-AFFB-057E935E77C9}.Debug|Any CPU.ActiveCfg = Debug|Any CPU
		{EE8ABB12-80FD-455B-AFFB-057E935E77C9}.Debug|Any CPU.Build.0 = Debug|Any CPU
		{EE8ABB12-80FD-455B-AFFB-057E935E77C9}.Release|Any CPU.ActiveCfg = Release|Any CPU
		{EE8ABB12-80FD-455B-AFFB-057E935E77C9}.Release|Any CPU.Build.0 = Release|Any CPU
		{5D15586F-DB70-4CC5-AF7B-BE94B8C6B495}.Debug|Any CPU.ActiveCfg = Debug|Any CPU
		{5D15586F-DB70-4CC5-AF7B-BE94B8C6B495}.Debug|Any CPU.Build.0 = Debug|Any CPU
		{5D15586F-DB70-4CC5-AF7B-BE94B8C6B495}.Release|Any CPU.ActiveCfg = Release|Any CPU
		{5D15586F-DB70-4CC5-AF7B-BE94B8C6B495}.Release|Any CPU.Build.0 = Release|Any CPU
		{75701E6E-A1E5-4576-84FE-8D2AA0BD2D98}.Debug|Any CPU.ActiveCfg = Debug|Any CPU
		{75701E6E-A1E5-4576-84FE-8D2AA0BD2D98}.Debug|Any CPU.Build.0 = Debug|Any CPU
		{75701E6E-A1E5-4576-84FE-8D2AA0BD2D98}.Release|Any CPU.ActiveCfg = Release|Any CPU
		{75701E6E-A1E5-4576-84FE-8D2AA0BD2D98}.Release|Any CPU.Build.0 = Release|Any CPU
	EndGlobalSection
	GlobalSection(SolutionProperties) = preSolution
		HideSolutionNode = FALSE
	EndGlobalSection
	GlobalSection(ExtensibilityGlobals) = postSolution
		SolutionGuid = {A4665D75-E306-4733-BFF4-740AE4742DE9}
	EndGlobalSection
EndGlobal
